
Microsoft Visual Studio Solution File, Format Version 12.00
# Visual Studio Version 17
VisualStudioVersion = 17.9.34723.18
MinimumVisualStudioVersion = 10.0.40219.1
Project("{FAE04EC0-301F-11D3-BF4B-00C04F79EFBC}") = "Iidentifii.Forum.Api", "Iidentifii.Forum.Api\Iidentifii.Forum.Api.csproj", "{120517D8-C65A-4095-AF42-8914B30ED335}"
EndProject
Project("{00D1A9C2-B5F0-4AF3-8072-F6C62B433612}") = "Iidentifii.Forum.Database.Sql", "Iidentifii.Forum.Database.Sql\Iidentifii.Forum.Database.Sql.sqlproj", "{85644246-8B91-4109-BA56-55CFA2E0A418}"
EndProject
Project("{FAE04EC0-301F-11D3-BF4B-00C04F79EFBC}") = "Iidentifii.Forum.Library", "Iidentifii.Forum.Library\Iidentifii.Forum.Library.csproj", "{06920FBC-98BD-4942-A82F-DA3886574133}"
EndProject
Global
	GlobalSection(SolutionConfigurationPlatforms) = preSolution
		Debug|Any CPU = Debug|Any CPU
		Release|Any CPU = Release|Any CPU
	EndGlobalSection
	GlobalSection(ProjectConfigurationPlatforms) = postSolution
		{120517D8-C65A-4095-AF42-8914B30ED335}.Debug|Any CPU.ActiveCfg = Debug|Any CPU
		{120517D8-C65A-4095-AF42-8914B30ED335}.Debug|Any CPU.Build.0 = Debug|Any CPU
		{120517D8-C65A-4095-AF42-8914B30ED335}.Release|Any CPU.ActiveCfg = Release|Any CPU
		{120517D8-C65A-4095-AF42-8914B30ED335}.Release|Any CPU.Build.0 = Release|Any CPU
		{85644246-8B91-4109-BA56-55CFA2E0A418}.Debug|Any CPU.ActiveCfg = Debug|Any CPU
		{85644246-8B91-4109-BA56-55CFA2E0A418}.Debug|Any CPU.Build.0 = Debug|Any CPU
		{85644246-8B91-4109-BA56-55CFA2E0A418}.Debug|Any CPU.Deploy.0 = Debug|Any CPU
		{85644246-8B91-4109-BA56-55CFA2E0A418}.Release|Any CPU.ActiveCfg = Release|Any CPU
		{85644246-8B91-4109-BA56-55CFA2E0A418}.Release|Any CPU.Build.0 = Release|Any CPU
		{85644246-8B91-4109-BA56-55CFA2E0A418}.Release|Any CPU.Deploy.0 = Release|Any CPU
		{06920FBC-98BD-4942-A82F-DA3886574133}.Debug|Any CPU.ActiveCfg = Debug|Any CPU
		{06920FBC-98BD-4942-A82F-DA3886574133}.Debug|Any CPU.Build.0 = Debug|Any CPU
		{06920FBC-98BD-4942-A82F-DA3886574133}.Release|Any CPU.ActiveCfg = Release|Any CPU
		{06920FBC-98BD-4942-A82F-DA3886574133}.Release|Any CPU.Build.0 = Release|Any CPU
	EndGlobalSection
	GlobalSection(SolutionProperties) = preSolution
		HideSolutionNode = FALSE
	EndGlobalSection
	GlobalSection(ExtensibilityGlobals) = postSolution
		SolutionGuid = {100FB851-FE6D-4D70-BDB7-CEF11BAB2188}
	EndGlobalSection
EndGlobal
