
Microsoft Visual Studio Solution File, Format Version 12.00
# Visual Studio Version 17
VisualStudioVersion = 17.9.34723.18
MinimumVisualStudioVersion = 10.0.40219.1
Project("{FAE04EC0-301F-11D3-BF4B-00C04F79EFBC}") = "Iidentifii.Forum.Api", "Iidentifii.Forum.Api\Iidentifii.Forum.Api.csproj", "{120517D8-C65A-4095-AF42-8914B30ED335}"
EndProject
Global
	GlobalSection(SolutionConfigurationPlatforms) = preSolution
		Debug|Any CPU = Debug|Any CPU
		Release|Any CPU = Release|Any CPU
	EndGlobalSection
	GlobalSection(ProjectConfigurationPlatforms) = postSolution
		{120517D8-C65A-4095-AF42-8914B30ED335}.Debug|Any CPU.ActiveCfg = Debug|Any CPU
		{120517D8-C65A-4095-AF42-8914B30ED335}.Debug|Any CPU.Build.0 = Debug|Any CPU
		{120517D8-C65A-4095-AF42-8914B30ED335}.Release|Any CPU.ActiveCfg = Release|Any CPU
		{120517D8-C65A-4095-AF42-8914B30ED335}.Release|Any CPU.Build.0 = Release|Any CPU
	EndGlobalSection
	GlobalSection(SolutionProperties) = preSolution
		HideSolutionNode = FALSE
	EndGlobalSection
	GlobalSection(ExtensibilityGlobals) = postSolution
		SolutionGuid = {100FB851-FE6D-4D70-BDB7-CEF11BAB2188}
	EndGlobalSection
EndGlobal
